// !$*UTF8*$!
{
	archiveVersion = 1;
	classes = {
	};
	objectVersion = 46;
	objects = {

/* Begin PBXBuildFile section */
		1B07D9DE532284904274F390 /* Pods_Loper.framework in Frameworks */ = {isa = PBXBuildFile; fileRef = 818923A8D96BBF8F9B70D5BE /* Pods_Loper.framework */; };
		948FB0A21E4D046E002F0200 /* Loper.h in Headers */ = {isa = PBXBuildFile; fileRef = 948FB0A01E4D046E002F0200 /* Loper.h */; settings = {ATTRIBUTES = (Public, ); }; };
		948FB0AF1E4D0489002F0200 /* LoperTests.m in Sources */ = {isa = PBXBuildFile; fileRef = 948FB0AE1E4D0489002F0200 /* LoperTests.m */; };
		948FB0B11E4D0489002F0200 /* Loper.framework in Frameworks */ = {isa = PBXBuildFile; fileRef = 948FB09D1E4D046E002F0200 /* Loper.framework */; };
		948FB0B91E4D0584002F0200 /* Mutex.swift in Sources */ = {isa = PBXBuildFile; fileRef = 948FB0B81E4D0584002F0200 /* Mutex.swift */; };
		948FB0CB1E4D0C2B002F0200 /* Store.swift in Sources */ = {isa = PBXBuildFile; fileRef = 948FB0CA1E4D0C2B002F0200 /* Store.swift */; };
		948FB0CE1E4D0FC2002F0200 /* SQLiteError.swift in Sources */ = {isa = PBXBuildFile; fileRef = 948FB0CD1E4D0FC2002F0200 /* SQLiteError.swift */; };
		948FB0D21E4D1103002F0200 /* Database.swift in Sources */ = {isa = PBXBuildFile; fileRef = 948FB0D11E4D1103002F0200 /* Database.swift */; };
		948FB0D41E4D121F002F0200 /* StoreError.swift in Sources */ = {isa = PBXBuildFile; fileRef = 948FB0D31E4D121F002F0200 /* StoreError.swift */; };
		948FB0D61E4D1BDC002F0200 /* Query.swift in Sources */ = {isa = PBXBuildFile; fileRef = 948FB0D51E4D1BDC002F0200 /* Query.swift */; };
		948FB0D81E4D2044002F0200 /* Value.swift in Sources */ = {isa = PBXBuildFile; fileRef = 948FB0D71E4D2044002F0200 /* Value.swift */; };
		948FB0DA1E4D27C1002F0200 /* Normalizer.swift in Sources */ = {isa = PBXBuildFile; fileRef = 948FB0D91E4D27C1002F0200 /* Normalizer.swift */; };
		948FB0DC1E4D3497002F0200 /* Logger.swift in Sources */ = {isa = PBXBuildFile; fileRef = 948FB0DB1E4D3497002F0200 /* Logger.swift */; };
		948FB0DE1E4D72A9002F0200 /* ResultBuilder.swift in Sources */ = {isa = PBXBuildFile; fileRef = 948FB0DD1E4D72A9002F0200 /* ResultBuilder.swift */; };
		94EE0B011E4E6DDC00CF40F0 /* EncodedObject.swift in Sources */ = {isa = PBXBuildFile; fileRef = 94EE0B001E4E6DDC00CF40F0 /* EncodedObject.swift */; };
		E7CAB2AFF62E5E89ADE5A560 /* Pods_Loper_LoperTests.framework in Frameworks */ = {isa = PBXBuildFile; fileRef = DECBAA34F6BC075600A5735F /* Pods_Loper_LoperTests.framework */; };
/* End PBXBuildFile section */

/* Begin PBXContainerItemProxy section */
		948FB0B21E4D0489002F0200 /* PBXContainerItemProxy */ = {
			isa = PBXContainerItemProxy;
			containerPortal = 948FB0941E4D046D002F0200 /* Project object */;
			proxyType = 1;
			remoteGlobalIDString = 948FB09C1E4D046D002F0200;
			remoteInfo = Loper;
		};
/* End PBXContainerItemProxy section */

/* Begin PBXFileReference section */
		22D35F85260D2A84000C081F /* libsqlite3.tbd */ = {isa = PBXFileReference; lastKnownFileType = "sourcecode.text-based-dylib-definition"; name = libsqlite3.tbd; path = Platforms/MacOSX.platform/Developer/SDKs/MacOSX11.1.sdk/usr/lib/libsqlite3.tbd; sourceTree = DEVELOPER_DIR; };
		22D35F86260D2A8C000C081F /* libsqlite3.0.tbd */ = {isa = PBXFileReference; lastKnownFileType = "sourcecode.text-based-dylib-definition"; name = libsqlite3.0.tbd; path = Platforms/MacOSX.platform/Developer/SDKs/MacOSX11.1.sdk/usr/lib/libsqlite3.0.tbd; sourceTree = DEVELOPER_DIR; };
		25B4576E65C8D8C9A1FB015C /* Pods-Loper-LoperTests.release.xcconfig */ = {isa = PBXFileReference; includeInIndex = 1; lastKnownFileType = text.xcconfig; name = "Pods-Loper-LoperTests.release.xcconfig"; path = "Target Support Files/Pods-Loper-LoperTests/Pods-Loper-LoperTests.release.xcconfig"; sourceTree = "<group>"; };
		5A9F6894F9A8D9280C74DEE0 /* Pods-Loper.debug.xcconfig */ = {isa = PBXFileReference; includeInIndex = 1; lastKnownFileType = text.xcconfig; name = "Pods-Loper.debug.xcconfig"; path = "Target Support Files/Pods-Loper/Pods-Loper.debug.xcconfig"; sourceTree = "<group>"; };
		818923A8D96BBF8F9B70D5BE /* Pods_Loper.framework */ = {isa = PBXFileReference; explicitFileType = wrapper.framework; includeInIndex = 0; path = Pods_Loper.framework; sourceTree = BUILT_PRODUCTS_DIR; };
		948FB09D1E4D046E002F0200 /* Loper.framework */ = {isa = PBXFileReference; explicitFileType = wrapper.framework; includeInIndex = 0; path = Loper.framework; sourceTree = BUILT_PRODUCTS_DIR; };
		948FB0A01E4D046E002F0200 /* Loper.h */ = {isa = PBXFileReference; lastKnownFileType = sourcecode.c.h; path = Loper.h; sourceTree = "<group>"; };
		948FB0A11E4D046E002F0200 /* Info.plist */ = {isa = PBXFileReference; lastKnownFileType = text.plist.xml; path = Info.plist; sourceTree = "<group>"; };
		948FB0AC1E4D0489002F0200 /* LoperTests.xctest */ = {isa = PBXFileReference; explicitFileType = wrapper.cfbundle; includeInIndex = 0; path = LoperTests.xctest; sourceTree = BUILT_PRODUCTS_DIR; };
		948FB0AE1E4D0489002F0200 /* LoperTests.m */ = {isa = PBXFileReference; lastKnownFileType = sourcecode.c.objc; path = LoperTests.m; sourceTree = "<group>"; };
		948FB0B01E4D0489002F0200 /* Info.plist */ = {isa = PBXFileReference; lastKnownFileType = text.plist.xml; path = Info.plist; sourceTree = "<group>"; };
		948FB0B81E4D0584002F0200 /* Mutex.swift */ = {isa = PBXFileReference; fileEncoding = 4; lastKnownFileType = sourcecode.swift; path = Mutex.swift; sourceTree = "<group>"; };
		948FB0C41E4D06CF002F0200 /* Project-Base.xcconfig */ = {isa = PBXFileReference; lastKnownFileType = text.xcconfig; path = "Project-Base.xcconfig"; sourceTree = "<group>"; };
		948FB0C51E4D06E1002F0200 /* Project-Release.xcconfig */ = {isa = PBXFileReference; lastKnownFileType = text.xcconfig; path = "Project-Release.xcconfig"; sourceTree = "<group>"; };
		948FB0C61E4D06EB002F0200 /* Project-Debug.xcconfig */ = {isa = PBXFileReference; lastKnownFileType = text.xcconfig; path = "Project-Debug.xcconfig"; sourceTree = "<group>"; };
		948FB0C71E4D06F5002F0200 /* Loper-Base.xcconfig */ = {isa = PBXFileReference; lastKnownFileType = text.xcconfig; path = "Loper-Base.xcconfig"; sourceTree = "<group>"; };
		948FB0C81E4D0700002F0200 /* Loper-Release.xcconfig */ = {isa = PBXFileReference; lastKnownFileType = text.xcconfig; path = "Loper-Release.xcconfig"; sourceTree = "<group>"; };
		948FB0C91E4D070D002F0200 /* Loper-Debug.xcconfig */ = {isa = PBXFileReference; lastKnownFileType = text.xcconfig; path = "Loper-Debug.xcconfig"; sourceTree = "<group>"; };
		948FB0CA1E4D0C2B002F0200 /* Store.swift */ = {isa = PBXFileReference; fileEncoding = 4; lastKnownFileType = sourcecode.swift; path = Store.swift; sourceTree = "<group>"; };
		948FB0CD1E4D0FC2002F0200 /* SQLiteError.swift */ = {isa = PBXFileReference; fileEncoding = 4; lastKnownFileType = sourcecode.swift; path = SQLiteError.swift; sourceTree = "<group>"; };
		948FB0D11E4D1103002F0200 /* Database.swift */ = {isa = PBXFileReference; fileEncoding = 4; lastKnownFileType = sourcecode.swift; path = Database.swift; sourceTree = "<group>"; };
		948FB0D31E4D121F002F0200 /* StoreError.swift */ = {isa = PBXFileReference; fileEncoding = 4; lastKnownFileType = sourcecode.swift; path = StoreError.swift; sourceTree = "<group>"; };
		948FB0D51E4D1BDC002F0200 /* Query.swift */ = {isa = PBXFileReference; fileEncoding = 4; lastKnownFileType = sourcecode.swift; path = Query.swift; sourceTree = "<group>"; };
		948FB0D71E4D2044002F0200 /* Value.swift */ = {isa = PBXFileReference; fileEncoding = 4; lastKnownFileType = sourcecode.swift; path = Value.swift; sourceTree = "<group>"; };
		948FB0D91E4D27C1002F0200 /* Normalizer.swift */ = {isa = PBXFileReference; fileEncoding = 4; lastKnownFileType = sourcecode.swift; path = Normalizer.swift; sourceTree = "<group>"; };
		948FB0DB1E4D3497002F0200 /* Logger.swift */ = {isa = PBXFileReference; fileEncoding = 4; lastKnownFileType = sourcecode.swift; path = Logger.swift; sourceTree = "<group>"; };
		948FB0DD1E4D72A9002F0200 /* ResultBuilder.swift */ = {isa = PBXFileReference; fileEncoding = 4; lastKnownFileType = sourcecode.swift; path = ResultBuilder.swift; sourceTree = "<group>"; };
		94EE0B001E4E6DDC00CF40F0 /* EncodedObject.swift */ = {isa = PBXFileReference; fileEncoding = 4; lastKnownFileType = sourcecode.swift; path = EncodedObject.swift; sourceTree = "<group>"; };
		AF8EA9E161E5E8ED492F7225 /* Pods-Loper-LoperTests.debug.xcconfig */ = {isa = PBXFileReference; includeInIndex = 1; lastKnownFileType = text.xcconfig; name = "Pods-Loper-LoperTests.debug.xcconfig"; path = "Target Support Files/Pods-Loper-LoperTests/Pods-Loper-LoperTests.debug.xcconfig"; sourceTree = "<group>"; };
		DECBAA34F6BC075600A5735F /* Pods_Loper_LoperTests.framework */ = {isa = PBXFileReference; explicitFileType = wrapper.framework; includeInIndex = 0; path = Pods_Loper_LoperTests.framework; sourceTree = BUILT_PRODUCTS_DIR; };
		E7057AD081E9A4CA3D1A41E2 /* Pods-Loper.release.xcconfig */ = {isa = PBXFileReference; includeInIndex = 1; lastKnownFileType = text.xcconfig; name = "Pods-Loper.release.xcconfig"; path = "Target Support Files/Pods-Loper/Pods-Loper.release.xcconfig"; sourceTree = "<group>"; };
/* End PBXFileReference section */

/* Begin PBXFrameworksBuildPhase section */
		948FB0991E4D046D002F0200 /* Frameworks */ = {
			isa = PBXFrameworksBuildPhase;
			buildActionMask = 2147483647;
			files = (
				1B07D9DE532284904274F390 /* Pods_Loper.framework in Frameworks */,
			);
			runOnlyForDeploymentPostprocessing = 0;
		};
		948FB0A91E4D0489002F0200 /* Frameworks */ = {
			isa = PBXFrameworksBuildPhase;
			buildActionMask = 2147483647;
			files = (
				948FB0B11E4D0489002F0200 /* Loper.framework in Frameworks */,
				E7CAB2AFF62E5E89ADE5A560 /* Pods_Loper_LoperTests.framework in Frameworks */,
			);
			runOnlyForDeploymentPostprocessing = 0;
		};
/* End PBXFrameworksBuildPhase section */

/* Begin PBXGroup section */
		057E050BEAC53DFB6E6B594F /* Pods */ = {
			isa = PBXGroup;
			children = (
				5A9F6894F9A8D9280C74DEE0 /* Pods-Loper.debug.xcconfig */,
				E7057AD081E9A4CA3D1A41E2 /* Pods-Loper.release.xcconfig */,
				AF8EA9E161E5E8ED492F7225 /* Pods-Loper-LoperTests.debug.xcconfig */,
				25B4576E65C8D8C9A1FB015C /* Pods-Loper-LoperTests.release.xcconfig */,
			);
			path = Pods;
			sourceTree = "<group>";
		};
		22D35F84260D2A84000C081F /* Frameworks */ = {
			isa = PBXGroup;
			children = (
				22D35F86260D2A8C000C081F /* libsqlite3.0.tbd */,
				22D35F85260D2A84000C081F /* libsqlite3.tbd */,
				818923A8D96BBF8F9B70D5BE /* Pods_Loper.framework */,
				DECBAA34F6BC075600A5735F /* Pods_Loper_LoperTests.framework */,
			);
			name = Frameworks;
			sourceTree = "<group>";
		};
		948FB0931E4D046D002F0200 = {
			isa = PBXGroup;
			children = (
				948FB0C31E4D06BC002F0200 /* Config */,
				948FB09F1E4D046E002F0200 /* Loper */,
				948FB0AD1E4D0489002F0200 /* LoperTests */,
				948FB09E1E4D046E002F0200 /* Products */,
				22D35F84260D2A84000C081F /* Frameworks */,
				057E050BEAC53DFB6E6B594F /* Pods */,
			);
			sourceTree = "<group>";
		};
		948FB09E1E4D046E002F0200 /* Products */ = {
			isa = PBXGroup;
			children = (
				948FB09D1E4D046E002F0200 /* Loper.framework */,
				948FB0AC1E4D0489002F0200 /* LoperTests.xctest */,
			);
			name = Products;
			sourceTree = "<group>";
		};
		948FB09F1E4D046E002F0200 /* Loper */ = {
			isa = PBXGroup;
			children = (
				948FB0B81E4D0584002F0200 /* Mutex.swift */,
				948FB0CA1E4D0C2B002F0200 /* Store.swift */,
				94EE0B001E4E6DDC00CF40F0 /* EncodedObject.swift */,
				948FB0D11E4D1103002F0200 /* Database.swift */,
				948FB0D51E4D1BDC002F0200 /* Query.swift */,
				948FB0D71E4D2044002F0200 /* Value.swift */,
				948FB0D91E4D27C1002F0200 /* Normalizer.swift */,
				948FB0DB1E4D3497002F0200 /* Logger.swift */,
				948FB0DD1E4D72A9002F0200 /* ResultBuilder.swift */,
				948FB0CC1E4D0FB4002F0200 /* Errors */,
				948FB0B71E4D0534002F0200 /* Supporting Files */,
			);
			path = Loper;
			sourceTree = "<group>";
		};
		948FB0AD1E4D0489002F0200 /* LoperTests */ = {
			isa = PBXGroup;
			children = (
				948FB0AE1E4D0489002F0200 /* LoperTests.m */,
				948FB0B01E4D0489002F0200 /* Info.plist */,
			);
			path = LoperTests;
			sourceTree = "<group>";
		};
		948FB0B71E4D0534002F0200 /* Supporting Files */ = {
			isa = PBXGroup;
			children = (
				948FB0A01E4D046E002F0200 /* Loper.h */,
				948FB0A11E4D046E002F0200 /* Info.plist */,
			);
			name = "Supporting Files";
			sourceTree = "<group>";
		};
		948FB0C31E4D06BC002F0200 /* Config */ = {
			isa = PBXGroup;
			children = (
				948FB0C41E4D06CF002F0200 /* Project-Base.xcconfig */,
				948FB0C51E4D06E1002F0200 /* Project-Release.xcconfig */,
				948FB0C61E4D06EB002F0200 /* Project-Debug.xcconfig */,
				948FB0C71E4D06F5002F0200 /* Loper-Base.xcconfig */,
				948FB0C81E4D0700002F0200 /* Loper-Release.xcconfig */,
				948FB0C91E4D070D002F0200 /* Loper-Debug.xcconfig */,
			);
			path = Config;
			sourceTree = "<group>";
		};
		948FB0CC1E4D0FB4002F0200 /* Errors */ = {
			isa = PBXGroup;
			children = (
				948FB0CD1E4D0FC2002F0200 /* SQLiteError.swift */,
				948FB0D31E4D121F002F0200 /* StoreError.swift */,
			);
			name = Errors;
			sourceTree = "<group>";
		};
/* End PBXGroup section */

/* Begin PBXHeadersBuildPhase section */
		948FB09A1E4D046D002F0200 /* Headers */ = {
			isa = PBXHeadersBuildPhase;
			buildActionMask = 2147483647;
			files = (
				948FB0A21E4D046E002F0200 /* Loper.h in Headers */,
			);
			runOnlyForDeploymentPostprocessing = 0;
		};
/* End PBXHeadersBuildPhase section */

/* Begin PBXNativeTarget section */
		948FB09C1E4D046D002F0200 /* Loper */ = {
			isa = PBXNativeTarget;
			buildConfigurationList = 948FB0A51E4D046E002F0200 /* Build configuration list for PBXNativeTarget "Loper" */;
			buildPhases = (
				20CF07D78A4637DD11D7F080 /* [CP] Check Pods Manifest.lock */,
				948FB0981E4D046D002F0200 /* Sources */,
				948FB0991E4D046D002F0200 /* Frameworks */,
				948FB09A1E4D046D002F0200 /* Headers */,
				948FB09B1E4D046D002F0200 /* Resources */,
			);
			buildRules = (
			);
			dependencies = (
			);
			name = Loper;
			productName = Loper;
			productReference = 948FB09D1E4D046E002F0200 /* Loper.framework */;
			productType = "com.apple.product-type.framework";
		};
		948FB0AB1E4D0489002F0200 /* LoperTests */ = {
			isa = PBXNativeTarget;
			buildConfigurationList = 948FB0B41E4D0489002F0200 /* Build configuration list for PBXNativeTarget "LoperTests" */;
			buildPhases = (
				8097EF7A740F388C3E5D5AB9 /* [CP] Check Pods Manifest.lock */,
				948FB0A81E4D0489002F0200 /* Sources */,
				948FB0A91E4D0489002F0200 /* Frameworks */,
				948FB0AA1E4D0489002F0200 /* Resources */,
				8C42168D83E877C646673533 /* [CP] Embed Pods Frameworks */,
			);
			buildRules = (
			);
			dependencies = (
				948FB0B31E4D0489002F0200 /* PBXTargetDependency */,
			);
			name = LoperTests;
			productName = LoperTests;
			productReference = 948FB0AC1E4D0489002F0200 /* LoperTests.xctest */;
			productType = "com.apple.product-type.bundle.unit-test";
		};
/* End PBXNativeTarget section */

/* Begin PBXProject section */
		948FB0941E4D046D002F0200 /* Project object */ = {
			isa = PBXProject;
			attributes = {
				LastUpgradeCheck = 1010;
				ORGANIZATIONNAME = "Planning Center";
				TargetAttributes = {
					948FB09C1E4D046D002F0200 = {
						CreatedOnToolsVersion = 8.2.1;
						LastSwiftMigration = 1030;
						ProvisioningStyle = Automatic;
					};
					948FB0AB1E4D0489002F0200 = {
						CreatedOnToolsVersion = 8.2.1;
						ProvisioningStyle = Automatic;
					};
				};
			};
			buildConfigurationList = 948FB0971E4D046D002F0200 /* Build configuration list for PBXProject "Loper" */;
			compatibilityVersion = "Xcode 3.2";
			developmentRegion = en;
			hasScannedForEncodings = 0;
			knownRegions = (
				en,
				Base,
			);
			mainGroup = 948FB0931E4D046D002F0200;
			productRefGroup = 948FB09E1E4D046E002F0200 /* Products */;
			projectDirPath = "";
			projectRoot = "";
			targets = (
				948FB09C1E4D046D002F0200 /* Loper */,
				948FB0AB1E4D0489002F0200 /* LoperTests */,
			);
		};
/* End PBXProject section */

/* Begin PBXResourcesBuildPhase section */
		948FB09B1E4D046D002F0200 /* Resources */ = {
			isa = PBXResourcesBuildPhase;
			buildActionMask = 2147483647;
			files = (
			);
			runOnlyForDeploymentPostprocessing = 0;
		};
		948FB0AA1E4D0489002F0200 /* Resources */ = {
			isa = PBXResourcesBuildPhase;
			buildActionMask = 2147483647;
			files = (
			);
			runOnlyForDeploymentPostprocessing = 0;
		};
/* End PBXResourcesBuildPhase section */

/* Begin PBXShellScriptBuildPhase section */
		20CF07D78A4637DD11D7F080 /* [CP] Check Pods Manifest.lock */ = {
			isa = PBXShellScriptBuildPhase;
			buildActionMask = 2147483647;
			files = (
			);
			inputFileListPaths = (
			);
			inputPaths = (
				"${PODS_PODFILE_DIR_PATH}/Podfile.lock",
				"${PODS_ROOT}/Manifest.lock",
			);
			name = "[CP] Check Pods Manifest.lock";
			outputFileListPaths = (
			);
			outputPaths = (
				"$(DERIVED_FILE_DIR)/Pods-Loper-checkManifestLockResult.txt",
			);
			runOnlyForDeploymentPostprocessing = 0;
			shellPath = /bin/sh;
			shellScript = "diff \"${PODS_PODFILE_DIR_PATH}/Podfile.lock\" \"${PODS_ROOT}/Manifest.lock\" > /dev/null\nif [ $? != 0 ] ; then\n    # print error to STDERR\n    echo \"error: The sandbox is not in sync with the Podfile.lock. Run 'pod install' or update your CocoaPods installation.\" >&2\n    exit 1\nfi\n# This output is used by Xcode 'outputs' to avoid re-running this script phase.\necho \"SUCCESS\" > \"${SCRIPT_OUTPUT_FILE_0}\"\n";
			showEnvVarsInLog = 0;
		};
		8097EF7A740F388C3E5D5AB9 /* [CP] Check Pods Manifest.lock */ = {
			isa = PBXShellScriptBuildPhase;
			buildActionMask = 2147483647;
			files = (
			);
			inputFileListPaths = (
			);
			inputPaths = (
				"${PODS_PODFILE_DIR_PATH}/Podfile.lock",
				"${PODS_ROOT}/Manifest.lock",
			);
			name = "[CP] Check Pods Manifest.lock";
			outputFileListPaths = (
			);
			outputPaths = (
				"$(DERIVED_FILE_DIR)/Pods-Loper-LoperTests-checkManifestLockResult.txt",
			);
			runOnlyForDeploymentPostprocessing = 0;
			shellPath = /bin/sh;
			shellScript = "diff \"${PODS_PODFILE_DIR_PATH}/Podfile.lock\" \"${PODS_ROOT}/Manifest.lock\" > /dev/null\nif [ $? != 0 ] ; then\n    # print error to STDERR\n    echo \"error: The sandbox is not in sync with the Podfile.lock. Run 'pod install' or update your CocoaPods installation.\" >&2\n    exit 1\nfi\n# This output is used by Xcode 'outputs' to avoid re-running this script phase.\necho \"SUCCESS\" > \"${SCRIPT_OUTPUT_FILE_0}\"\n";
			showEnvVarsInLog = 0;
		};
		8C42168D83E877C646673533 /* [CP] Embed Pods Frameworks */ = {
			isa = PBXShellScriptBuildPhase;
			buildActionMask = 2147483647;
			files = (
			);
			inputPaths = (
				"${PODS_ROOT}/Target Support Files/Pods-Loper-LoperTests/Pods-Loper-LoperTests-frameworks.sh",
				"${BUILT_PRODUCTS_DIR}/sqlite3/sqlite3.framework",
			);
			name = "[CP] Embed Pods Frameworks";
			outputPaths = (
				"${TARGET_BUILD_DIR}/${FRAMEWORKS_FOLDER_PATH}/sqlite3.framework",
			);
			runOnlyForDeploymentPostprocessing = 0;
			shellPath = /bin/sh;
			shellScript = "\"${PODS_ROOT}/Target Support Files/Pods-Loper-LoperTests/Pods-Loper-LoperTests-frameworks.sh\"\n";
			showEnvVarsInLog = 0;
		};
/* End PBXShellScriptBuildPhase section */

/* Begin PBXSourcesBuildPhase section */
		948FB0981E4D046D002F0200 /* Sources */ = {
			isa = PBXSourcesBuildPhase;
			buildActionMask = 2147483647;
			files = (
				948FB0D41E4D121F002F0200 /* StoreError.swift in Sources */,
				948FB0D61E4D1BDC002F0200 /* Query.swift in Sources */,
				948FB0DE1E4D72A9002F0200 /* ResultBuilder.swift in Sources */,
				94EE0B011E4E6DDC00CF40F0 /* EncodedObject.swift in Sources */,
				948FB0CE1E4D0FC2002F0200 /* SQLiteError.swift in Sources */,
				948FB0D81E4D2044002F0200 /* Value.swift in Sources */,
				948FB0CB1E4D0C2B002F0200 /* Store.swift in Sources */,
				948FB0DC1E4D3497002F0200 /* Logger.swift in Sources */,
				948FB0B91E4D0584002F0200 /* Mutex.swift in Sources */,
				948FB0D21E4D1103002F0200 /* Database.swift in Sources */,
				948FB0DA1E4D27C1002F0200 /* Normalizer.swift in Sources */,
			);
			runOnlyForDeploymentPostprocessing = 0;
		};
		948FB0A81E4D0489002F0200 /* Sources */ = {
			isa = PBXSourcesBuildPhase;
			buildActionMask = 2147483647;
			files = (
				948FB0AF1E4D0489002F0200 /* LoperTests.m in Sources */,
			);
			runOnlyForDeploymentPostprocessing = 0;
		};
/* End PBXSourcesBuildPhase section */

/* Begin PBXTargetDependency section */
		948FB0B31E4D0489002F0200 /* PBXTargetDependency */ = {
			isa = PBXTargetDependency;
			target = 948FB09C1E4D046D002F0200 /* Loper */;
			targetProxy = 948FB0B21E4D0489002F0200 /* PBXContainerItemProxy */;
		};
/* End PBXTargetDependency section */

/* Begin XCBuildConfiguration section */
		948FB0A31E4D046E002F0200 /* Debug */ = {
			isa = XCBuildConfiguration;
			baseConfigurationReference = 948FB0C61E4D06EB002F0200 /* Project-Debug.xcconfig */;
			buildSettings = {
				CLANG_WARN_OBJC_IMPLICIT_RETAIN_SELF = YES;
			};
			name = Debug;
		};
		948FB0A41E4D046E002F0200 /* Release */ = {
			isa = XCBuildConfiguration;
			baseConfigurationReference = 948FB0C51E4D06E1002F0200 /* Project-Release.xcconfig */;
			buildSettings = {
				CLANG_WARN_OBJC_IMPLICIT_RETAIN_SELF = YES;
				SWIFT_COMPILATION_MODE = wholemodule;
			};
			name = Release;
		};
		948FB0A61E4D046E002F0200 /* Debug */ = {
			isa = XCBuildConfiguration;
			baseConfigurationReference = 948FB0C91E4D070D002F0200 /* Loper-Debug.xcconfig */;
			buildSettings = {
				SWIFT_VERSION = 5.0;
			};
			name = Debug;
		};
		948FB0A71E4D046E002F0200 /* Release */ = {
			isa = XCBuildConfiguration;
			baseConfigurationReference = 948FB0C81E4D0700002F0200 /* Loper-Release.xcconfig */;
			buildSettings = {
				SWIFT_VERSION = 5.0;
			};
			name = Release;
		};
		948FB0B51E4D0489002F0200 /* Debug */ = {
			isa = XCBuildConfiguration;
			baseConfigurationReference = AF8EA9E161E5E8ED492F7225 /* Pods-Loper-LoperTests.debug.xcconfig */;
			buildSettings = {
				ALWAYS_EMBED_SWIFT_STANDARD_LIBRARIES = YES;
				INFOPLIST_FILE = LoperTests/Info.plist;
				LD_RUNPATH_SEARCH_PATHS = "$(inherited) @executable_path/Frameworks @loader_path/Frameworks";
				PRODUCT_BUNDLE_IDENTIFIER = center.planning.LoperTests;
				PRODUCT_NAME = "$(TARGET_NAME)";
			};
			name = Debug;
		};
		948FB0B61E4D0489002F0200 /* Release */ = {
			isa = XCBuildConfiguration;
			baseConfigurationReference = 25B4576E65C8D8C9A1FB015C /* Pods-Loper-LoperTests.release.xcconfig */;
			buildSettings = {
				ALWAYS_EMBED_SWIFT_STANDARD_LIBRARIES = YES;
				INFOPLIST_FILE = LoperTests/Info.plist;
				LD_RUNPATH_SEARCH_PATHS = "$(inherited) @executable_path/Frameworks @loader_path/Frameworks";
				PRODUCT_BUNDLE_IDENTIFIER = center.planning.LoperTests;
				PRODUCT_NAME = "$(TARGET_NAME)";
			};
			name = Release;
		};
/* End XCBuildConfiguration section */

/* Begin XCConfigurationList section */
		948FB0971E4D046D002F0200 /* Build configuration list for PBXProject "Loper" */ = {
			isa = XCConfigurationList;
			buildConfigurations = (
				948FB0A31E4D046E002F0200 /* Debug */,
				948FB0A41E4D046E002F0200 /* Release */,
			);
			defaultConfigurationIsVisible = 0;
			defaultConfigurationName = Release;
		};
		948FB0A51E4D046E002F0200 /* Build configuration list for PBXNativeTarget "Loper" */ = {
			isa = XCConfigurationList;
			buildConfigurations = (
				948FB0A61E4D046E002F0200 /* Debug */,
				948FB0A71E4D046E002F0200 /* Release */,
			);
			defaultConfigurationIsVisible = 0;
			defaultConfigurationName = Release;
		};
		948FB0B41E4D0489002F0200 /* Build configuration list for PBXNativeTarget "LoperTests" */ = {
			isa = XCConfigurationList;
			buildConfigurations = (
				948FB0B51E4D0489002F0200 /* Debug */,
				948FB0B61E4D0489002F0200 /* Release */,
			);
			defaultConfigurationIsVisible = 0;
			defaultConfigurationName = Release;
		};
/* End XCConfigurationList section */
	};
	rootObject = 948FB0941E4D046D002F0200 /* Project object */;
}
